
Microsoft Visual Studio Solution File, Format Version 12.00
# Visual Studio Version 17
VisualStudioVersion = 17.11.35222.181
MinimumVisualStudioVersion = 10.0.40219.1
Project("{FAE04EC0-301F-11D3-BF4B-00C04F79EFBC}") = "ConsoleApp1", "ConsoleApp1.csproj", "{64E66D75-9B33-4F26-9D1E-2E4CD6FB9FE3}"
EndProject
Global
	GlobalSection(SolutionConfigurationPlatforms) = preSolution
		Debug|Any CPU = Debug|Any CPU
		Release|Any CPU = Release|Any CPU
	EndGlobalSection
	GlobalSection(ProjectConfigurationPlatforms) = postSolution
		{64E66D75-9B33-4F26-9D1E-2E4CD6FB9FE3}.Debug|Any CPU.ActiveCfg = Debug|Any CPU
		{64E66D75-9B33-4F26-9D1E-2E4CD6FB9FE3}.Debug|Any CPU.Build.0 = Debug|Any CPU
		{64E66D75-9B33-4F26-9D1E-2E4CD6FB9FE3}.Release|Any CPU.ActiveCfg = Release|Any CPU
		{64E66D75-9B33-4F26-9D1E-2E4CD6FB9FE3}.Release|Any CPU.Build.0 = Release|Any CPU
	EndGlobalSection
	GlobalSection(SolutionProperties) = preSolution
		HideSolutionNode = FALSE
	EndGlobalSection
	GlobalSection(ExtensibilityGlobals) = postSolution
		SolutionGuid = {90E62FBF-FB6E-4F86-BF32-672C74920E96}
	EndGlobalSection
EndGlobal
